// !$*UTF8*$!
{
	archiveVersion = 1;
	classes = {
	};
	objectVersion = 46;
	objects = {

/* Begin PBXBuildFile section */
		CCAB51A03370A6DCF159F835 /* libPods-ImageCacheDemo.a in Frameworks */ = {isa = PBXBuildFile; fileRef = 4D1C42232A2D415ABE6D2263 /* libPods-ImageCacheDemo.a */; };
		D2111D101F5E887700196E11 /* main.m in Sources */ = {isa = PBXBuildFile; fileRef = D2111D0F1F5E887700196E11 /* main.m */; };
		D2111D131F5E887700196E11 /* AppDelegate.m in Sources */ = {isa = PBXBuildFile; fileRef = D2111D121F5E887700196E11 /* AppDelegate.m */; };
		D2111D191F5E887700196E11 /* Main.storyboard in Resources */ = {isa = PBXBuildFile; fileRef = D2111D171F5E887700196E11 /* Main.storyboard */; };
		D2111D1B1F5E887700196E11 /* Assets.xcassets in Resources */ = {isa = PBXBuildFile; fileRef = D2111D1A1F5E887700196E11 /* Assets.xcassets */; };
		D2111D1E1F5E887700196E11 /* LaunchScreen.storyboard in Resources */ = {isa = PBXBuildFile; fileRef = D2111D1C1F5E887700196E11 /* LaunchScreen.storyboard */; };
		D28F23B51FBE97AA00E77496 /* ImageViewController.m in Sources */ = {isa = PBXBuildFile; fileRef = D28F23B41FBE97AA00E77496 /* ImageViewController.m */; };
		D293A04E1F8F687800B954DD /* imageDownloadFail.png in Resources */ = {isa = PBXBuildFile; fileRef = D293A04D1F8F687700B954DD /* imageDownloadFail.png */; };
		D2BAF5131F99DBD1003B4A80 /* timg.gif in Resources */ = {isa = PBXBuildFile; fileRef = D2BAF5121F99DBD1003B4A80 /* timg.gif */; };
		D2BDBDFB1FD136CF0093DC08 /* IMG_0077.JPG in Resources */ = {isa = PBXBuildFile; fileRef = D2BDBDBF1FD136C70093DC08 /* IMG_0077.JPG */; };
		D2BDBDFC1FD136CF0093DC08 /* IMG_0091.JPG in Resources */ = {isa = PBXBuildFile; fileRef = D2BDBDC01FD136C70093DC08 /* IMG_0091.JPG */; };
		D2BDBDFD1FD136CF0093DC08 /* IMG_0084.JPG in Resources */ = {isa = PBXBuildFile; fileRef = D2BDBDC11FD136C70093DC08 /* IMG_0084.JPG */; };
		D2BDBDFE1FD136CF0093DC08 /* IMG_0056.JPG in Resources */ = {isa = PBXBuildFile; fileRef = D2BDBDC21FD136C70093DC08 /* IMG_0056.JPG */; };
		D2BDBDFF1FD136CF0093DC08 /* IMG_0108.JPG in Resources */ = {isa = PBXBuildFile; fileRef = D2BDBDC31FD136C70093DC08 /* IMG_0108.JPG */; };
		D2BDBE001FD136CF0093DC08 /* IMG_0068.JPG in Resources */ = {isa = PBXBuildFile; fileRef = D2BDBDC41FD136C70093DC08 /* IMG_0068.JPG */; };
		D2BDBE011FD136CF0093DC08 /* IMG_0057.JPG in Resources */ = {isa = PBXBuildFile; fileRef = D2BDBDC51FD136C80093DC08 /* IMG_0057.JPG */; };
		D2BDBE021FD136CF0093DC08 /* IMG_0075.JPG in Resources */ = {isa = PBXBuildFile; fileRef = D2BDBDC61FD136C80093DC08 /* IMG_0075.JPG */; };
		D2BDBE031FD136CF0093DC08 /* IMG_0087.JPG in Resources */ = {isa = PBXBuildFile; fileRef = D2BDBDC71FD136C80093DC08 /* IMG_0087.JPG */; };
		D2BDBE041FD136CF0093DC08 /* IMG_0060.JPG in Resources */ = {isa = PBXBuildFile; fileRef = D2BDBDC81FD136C80093DC08 /* IMG_0060.JPG */; };
		D2BDBE051FD136CF0093DC08 /* IMG_0073.JPG in Resources */ = {isa = PBXBuildFile; fileRef = D2BDBDC91FD136C80093DC08 /* IMG_0073.JPG */; };
		D2BDBE061FD136CF0093DC08 /* IMG_0098.JPG in Resources */ = {isa = PBXBuildFile; fileRef = D2BDBDCA1FD136C80093DC08 /* IMG_0098.JPG */; };
		D2BDBE071FD136CF0093DC08 /* IMG_0105.JPG in Resources */ = {isa = PBXBuildFile; fileRef = D2BDBDCB1FD136C80093DC08 /* IMG_0105.JPG */; };
		D2BDBE081FD136CF0093DC08 /* IMG_0076.JPG in Resources */ = {isa = PBXBuildFile; fileRef = D2BDBDCC1FD136C80093DC08 /* IMG_0076.JPG */; };
		D2BDBE091FD136CF0093DC08 /* IMG_0093.JPG in Resources */ = {isa = PBXBuildFile; fileRef = D2BDBDCD1FD136C80093DC08 /* IMG_0093.JPG */; };
		D2BDBE0A1FD136CF0093DC08 /* IMG_0113.JPG in Resources */ = {isa = PBXBuildFile; fileRef = D2BDBDCE1FD136C80093DC08 /* IMG_0113.JPG */; };
		D2BDBE0B1FD136CF0093DC08 /* IMG_0085.JPG in Resources */ = {isa = PBXBuildFile; fileRef = D2BDBDCF1FD136C80093DC08 /* IMG_0085.JPG */; };
		D2BDBE0C1FD136CF0093DC08 /* IMG_0080.JPG in Resources */ = {isa = PBXBuildFile; fileRef = D2BDBDD01FD136C90093DC08 /* IMG_0080.JPG */; };
		D2BDBE0D1FD136CF0093DC08 /* IMG_0062.JPG in Resources */ = {isa = PBXBuildFile; fileRef = D2BDBDD11FD136C90093DC08 /* IMG_0062.JPG */; };
		D2BDBE0E1FD136CF0093DC08 /* IMG_0107.JPG in Resources */ = {isa = PBXBuildFile; fileRef = D2BDBDD21FD136C90093DC08 /* IMG_0107.JPG */; };
		D2BDBE0F1FD136CF0093DC08 /* IMG_0111.JPG in Resources */ = {isa = PBXBuildFile; fileRef = D2BDBDD31FD136C90093DC08 /* IMG_0111.JPG */; };
		D2BDBE101FD136CF0093DC08 /* IMG_0094.JPG in Resources */ = {isa = PBXBuildFile; fileRef = D2BDBDD41FD136C90093DC08 /* IMG_0094.JPG */; };
		D2BDBE111FD136CF0093DC08 /* IMG_0096.JPG in Resources */ = {isa = PBXBuildFile; fileRef = D2BDBDD51FD136C90093DC08 /* IMG_0096.JPG */; };
		D2BDBE121FD136CF0093DC08 /* IMG_0079.JPG in Resources */ = {isa = PBXBuildFile; fileRef = D2BDBDD61FD136C90093DC08 /* IMG_0079.JPG */; };
		D2BDBE131FD136CF0093DC08 /* IMG_0061.JPG in Resources */ = {isa = PBXBuildFile; fileRef = D2BDBDD71FD136C90093DC08 /* IMG_0061.JPG */; };
		D2BDBE141FD136CF0093DC08 /* IMG_0058.JPG in Resources */ = {isa = PBXBuildFile; fileRef = D2BDBDD81FD136CA0093DC08 /* IMG_0058.JPG */; };
		D2BDBE151FD136CF0093DC08 /* IMG_0069.JPG in Resources */ = {isa = PBXBuildFile; fileRef = D2BDBDD91FD136CA0093DC08 /* IMG_0069.JPG */; };
		D2BDBE161FD136CF0093DC08 /* IMG_0065.JPG in Resources */ = {isa = PBXBuildFile; fileRef = D2BDBDDA1FD136CA0093DC08 /* IMG_0065.JPG */; };
		D2BDBE171FD136CF0093DC08 /* IMG_0102.JPG in Resources */ = {isa = PBXBuildFile; fileRef = D2BDBDDB1FD136CA0093DC08 /* IMG_0102.JPG */; };
		D2BDBE181FD136CF0093DC08 /* IMG_0110.JPG in Resources */ = {isa = PBXBuildFile; fileRef = D2BDBDDC1FD136CA0093DC08 /* IMG_0110.JPG */; };
		D2BDBE191FD136CF0093DC08 /* IMG_0097.JPG in Resources */ = {isa = PBXBuildFile; fileRef = D2BDBDDD1FD136CA0093DC08 /* IMG_0097.JPG */; };
		D2BDBE1A1FD136CF0093DC08 /* IMG_0070.JPG in Resources */ = {isa = PBXBuildFile; fileRef = D2BDBDDE1FD136CA0093DC08 /* IMG_0070.JPG */; };
		D2BDBE1B1FD136CF0093DC08 /* IMG_0088.JPG in Resources */ = {isa = PBXBuildFile; fileRef = D2BDBDDF1FD136CB0093DC08 /* IMG_0088.JPG */; };
		D2BDBE1C1FD136CF0093DC08 /* IMG_0090.JPG in Resources */ = {isa = PBXBuildFile; fileRef = D2BDBDE01FD136CB0093DC08 /* IMG_0090.JPG */; };
		D2BDBE1D1FD136CF0093DC08 /* IMG_0071.JPG in Resources */ = {isa = PBXBuildFile; fileRef = D2BDBDE11FD136CB0093DC08 /* IMG_0071.JPG */; };
		D2BDBE1E1FD136CF0093DC08 /* IMG_0067.JPG in Resources */ = {isa = PBXBuildFile; fileRef = D2BDBDE21FD136CB0093DC08 /* IMG_0067.JPG */; };
		D2BDBE1F1FD136CF0093DC08 /* IMG_0082.JPG in Resources */ = {isa = PBXBuildFile; fileRef = D2BDBDE31FD136CB0093DC08 /* IMG_0082.JPG */; };
		D2BDBE201FD136CF0093DC08 /* IMG_0101.JPG in Resources */ = {isa = PBXBuildFile; fileRef = D2BDBDE41FD136CB0093DC08 /* IMG_0101.JPG */; };
		D2BDBE211FD136CF0093DC08 /* IMG_0099.JPG in Resources */ = {isa = PBXBuildFile; fileRef = D2BDBDE51FD136CC0093DC08 /* IMG_0099.JPG */; };
		D2BDBE221FD136CF0093DC08 /* IMG_0089.JPG in Resources */ = {isa = PBXBuildFile; fileRef = D2BDBDE61FD136CC0093DC08 /* IMG_0089.JPG */; };
		D2BDBE231FD136CF0093DC08 /* IMG_0086.JPG in Resources */ = {isa = PBXBuildFile; fileRef = D2BDBDE71FD136CC0093DC08 /* IMG_0086.JPG */; };
		D2BDBE241FD136CF0093DC08 /* IMG_0104.JPG in Resources */ = {isa = PBXBuildFile; fileRef = D2BDBDE81FD136CC0093DC08 /* IMG_0104.JPG */; };
		D2BDBE251FD136CF0093DC08 /* IMG_0055.JPG in Resources */ = {isa = PBXBuildFile; fileRef = D2BDBDE91FD136CC0093DC08 /* IMG_0055.JPG */; };
		D2BDBE261FD136CF0093DC08 /* IMG_0092.JPG in Resources */ = {isa = PBXBuildFile; fileRef = D2BDBDEA1FD136CC0093DC08 /* IMG_0092.JPG */; };
		D2BDBE271FD136CF0093DC08 /* IMG_0078.JPG in Resources */ = {isa = PBXBuildFile; fileRef = D2BDBDEB1FD136CD0093DC08 /* IMG_0078.JPG */; };
		D2BDBE281FD136CF0093DC08 /* IMG_0112.JPG in Resources */ = {isa = PBXBuildFile; fileRef = D2BDBDEC1FD136CD0093DC08 /* IMG_0112.JPG */; };
		D2BDBE291FD136CF0093DC08 /* IMG_0059.JPG in Resources */ = {isa = PBXBuildFile; fileRef = D2BDBDED1FD136CD0093DC08 /* IMG_0059.JPG */; };
		D2BDBE2A1FD136CF0093DC08 /* IMG_0072.JPG in Resources */ = {isa = PBXBuildFile; fileRef = D2BDBDEE1FD136CD0093DC08 /* IMG_0072.JPG */; };
		D2BDBE2B1FD136CF0093DC08 /* IMG_0095.JPG in Resources */ = {isa = PBXBuildFile; fileRef = D2BDBDEF1FD136CD0093DC08 /* IMG_0095.JPG */; };
		D2BDBE2C1FD136CF0093DC08 /* IMG_0106.JPG in Resources */ = {isa = PBXBuildFile; fileRef = D2BDBDF01FD136CD0093DC08 /* IMG_0106.JPG */; };
		D2BDBE2D1FD136CF0093DC08 /* IMG_0081.JPG in Resources */ = {isa = PBXBuildFile; fileRef = D2BDBDF11FD136CD0093DC08 /* IMG_0081.JPG */; };
		D2BDBE2E1FD136CF0093DC08 /* IMG_0064.JPG in Resources */ = {isa = PBXBuildFile; fileRef = D2BDBDF21FD136CE0093DC08 /* IMG_0064.JPG */; };
		D2BDBE2F1FD136CF0093DC08 /* IMG_0083.JPG in Resources */ = {isa = PBXBuildFile; fileRef = D2BDBDF31FD136CE0093DC08 /* IMG_0083.JPG */; };
		D2BDBE301FD136CF0093DC08 /* IMG_0100.JPG in Resources */ = {isa = PBXBuildFile; fileRef = D2BDBDF41FD136CE0093DC08 /* IMG_0100.JPG */; };
		D2BDBE311FD136CF0093DC08 /* IMG_0103.JPG in Resources */ = {isa = PBXBuildFile; fileRef = D2BDBDF51FD136CE0093DC08 /* IMG_0103.JPG */; };
		D2BDBE321FD136CF0093DC08 /* IMG_0109.JPG in Resources */ = {isa = PBXBuildFile; fileRef = D2BDBDF61FD136CE0093DC08 /* IMG_0109.JPG */; };
		D2BDBE331FD136CF0093DC08 /* IMG_0063.JPG in Resources */ = {isa = PBXBuildFile; fileRef = D2BDBDF71FD136CE0093DC08 /* IMG_0063.JPG */; };
		D2BDBE341FD136CF0093DC08 /* IMG_0074.JPG in Resources */ = {isa = PBXBuildFile; fileRef = D2BDBDF81FD136CE0093DC08 /* IMG_0074.JPG */; };
		D2BDBE351FD136CF0093DC08 /* IMG_0054.JPG in Resources */ = {isa = PBXBuildFile; fileRef = D2BDBDF91FD136CF0093DC08 /* IMG_0054.JPG */; };
		D2BDBE361FD136CF0093DC08 /* IMG_0066.JPG in Resources */ = {isa = PBXBuildFile; fileRef = D2BDBDFA1FD136CF0093DC08 /* IMG_0066.JPG */; };
		D2CB830C1F74F85F005FD8F1 /* TableViewController.m in Sources */ = {isa = PBXBuildFile; fileRef = D2CB830B1F74F85F005FD8F1 /* TableViewController.m */; };
		D2F735491F9867AE00974D47 /* icon_002.gif in Resources */ = {isa = PBXBuildFile; fileRef = D2F735481F9867AE00974D47 /* icon_002.gif */; };
/* End PBXBuildFile section */

/* Begin PBXFileReference section */
		4D1C42232A2D415ABE6D2263 /* libPods-ImageCacheDemo.a */ = {isa = PBXFileReference; explicitFileType = archive.ar; includeInIndex = 0; path = "libPods-ImageCacheDemo.a"; sourceTree = BUILT_PRODUCTS_DIR; };
		839845AE4C020D228E669CF7 /* Pods-ImageCacheDemo.debug.xcconfig */ = {isa = PBXFileReference; includeInIndex = 1; lastKnownFileType = text.xcconfig; name = "Pods-ImageCacheDemo.debug.xcconfig"; path = "Pods/Target Support Files/Pods-ImageCacheDemo/Pods-ImageCacheDemo.debug.xcconfig"; sourceTree = "<group>"; };
		D2111D0B1F5E887600196E11 /* ImageCacheDemo.app */ = {isa = PBXFileReference; explicitFileType = wrapper.application; includeInIndex = 0; path = ImageCacheDemo.app; sourceTree = BUILT_PRODUCTS_DIR; };
		D2111D0F1F5E887700196E11 /* main.m */ = {isa = PBXFileReference; lastKnownFileType = sourcecode.c.objc; path = main.m; sourceTree = "<group>"; };
		D2111D111F5E887700196E11 /* AppDelegate.h */ = {isa = PBXFileReference; lastKnownFileType = sourcecode.c.h; path = AppDelegate.h; sourceTree = "<group>"; };
		D2111D121F5E887700196E11 /* AppDelegate.m */ = {isa = PBXFileReference; lastKnownFileType = sourcecode.c.objc; path = AppDelegate.m; sourceTree = "<group>"; };
		D2111D181F5E887700196E11 /* Base */ = {isa = PBXFileReference; lastKnownFileType = file.storyboard; name = Base; path = Base.lproj/Main.storyboard; sourceTree = "<group>"; };
		D2111D1A1F5E887700196E11 /* Assets.xcassets */ = {isa = PBXFileReference; lastKnownFileType = folder.assetcatalog; path = Assets.xcassets; sourceTree = "<group>"; };
		D2111D1D1F5E887700196E11 /* Base */ = {isa = PBXFileReference; lastKnownFileType = file.storyboard; name = Base; path = Base.lproj/LaunchScreen.storyboard; sourceTree = "<group>"; };
		D2111D1F1F5E887700196E11 /* Info.plist */ = {isa = PBXFileReference; lastKnownFileType = text.plist.xml; path = Info.plist; sourceTree = "<group>"; };
		D28F23B31FBE97AA00E77496 /* ImageViewController.h */ = {isa = PBXFileReference; lastKnownFileType = sourcecode.c.h; path = ImageViewController.h; sourceTree = "<group>"; };
		D28F23B41FBE97AA00E77496 /* ImageViewController.m */ = {isa = PBXFileReference; lastKnownFileType = sourcecode.c.objc; path = ImageViewController.m; sourceTree = "<group>"; };
		D293A04D1F8F687700B954DD /* imageDownloadFail.png */ = {isa = PBXFileReference; lastKnownFileType = image.png; path = imageDownloadFail.png; sourceTree = "<group>"; };
		D2BAF5121F99DBD1003B4A80 /* timg.gif */ = {isa = PBXFileReference; lastKnownFileType = image.gif; path = timg.gif; sourceTree = "<group>"; };
		D2BDBDBF1FD136C70093DC08 /* IMG_0077.JPG */ = {isa = PBXFileReference; lastKnownFileType = image.jpeg; path = IMG_0077.JPG; sourceTree = "<group>"; };
		D2BDBDC01FD136C70093DC08 /* IMG_0091.JPG */ = {isa = PBXFileReference; lastKnownFileType = image.jpeg; path = IMG_0091.JPG; sourceTree = "<group>"; };
		D2BDBDC11FD136C70093DC08 /* IMG_0084.JPG */ = {isa = PBXFileReference; lastKnownFileType = image.jpeg; path = IMG_0084.JPG; sourceTree = "<group>"; };
		D2BDBDC21FD136C70093DC08 /* IMG_0056.JPG */ = {isa = PBXFileReference; lastKnownFileType = image.jpeg; path = IMG_0056.JPG; sourceTree = "<group>"; };
		D2BDBDC31FD136C70093DC08 /* IMG_0108.JPG */ = {isa = PBXFileReference; lastKnownFileType = image.jpeg; path = IMG_0108.JPG; sourceTree = "<group>"; };
		D2BDBDC41FD136C70093DC08 /* IMG_0068.JPG */ = {isa = PBXFileReference; lastKnownFileType = image.jpeg; path = IMG_0068.JPG; sourceTree = "<group>"; };
		D2BDBDC51FD136C80093DC08 /* IMG_0057.JPG */ = {isa = PBXFileReference; lastKnownFileType = image.jpeg; path = IMG_0057.JPG; sourceTree = "<group>"; };
		D2BDBDC61FD136C80093DC08 /* IMG_0075.JPG */ = {isa = PBXFileReference; lastKnownFileType = image.jpeg; path = IMG_0075.JPG; sourceTree = "<group>"; };
		D2BDBDC71FD136C80093DC08 /* IMG_0087.JPG */ = {isa = PBXFileReference; lastKnownFileType = image.jpeg; path = IMG_0087.JPG; sourceTree = "<group>"; };
		D2BDBDC81FD136C80093DC08 /* IMG_0060.JPG */ = {isa = PBXFileReference; lastKnownFileType = image.jpeg; path = IMG_0060.JPG; sourceTree = "<group>"; };
		D2BDBDC91FD136C80093DC08 /* IMG_0073.JPG */ = {isa = PBXFileReference; lastKnownFileType = image.jpeg; path = IMG_0073.JPG; sourceTree = "<group>"; };
		D2BDBDCA1FD136C80093DC08 /* IMG_0098.JPG */ = {isa = PBXFileReference; lastKnownFileType = image.jpeg; path = IMG_0098.JPG; sourceTree = "<group>"; };
		D2BDBDCB1FD136C80093DC08 /* IMG_0105.JPG */ = {isa = PBXFileReference; lastKnownFileType = image.jpeg; path = IMG_0105.JPG; sourceTree = "<group>"; };
		D2BDBDCC1FD136C80093DC08 /* IMG_0076.JPG */ = {isa = PBXFileReference; lastKnownFileType = image.jpeg; path = IMG_0076.JPG; sourceTree = "<group>"; };
		D2BDBDCD1FD136C80093DC08 /* IMG_0093.JPG */ = {isa = PBXFileReference; lastKnownFileType = image.jpeg; path = IMG_0093.JPG; sourceTree = "<group>"; };
		D2BDBDCE1FD136C80093DC08 /* IMG_0113.JPG */ = {isa = PBXFileReference; lastKnownFileType = image.jpeg; path = IMG_0113.JPG; sourceTree = "<group>"; };
		D2BDBDCF1FD136C80093DC08 /* IMG_0085.JPG */ = {isa = PBXFileReference; lastKnownFileType = image.jpeg; path = IMG_0085.JPG; sourceTree = "<group>"; };
		D2BDBDD01FD136C90093DC08 /* IMG_0080.JPG */ = {isa = PBXFileReference; lastKnownFileType = image.jpeg; path = IMG_0080.JPG; sourceTree = "<group>"; };
		D2BDBDD11FD136C90093DC08 /* IMG_0062.JPG */ = {isa = PBXFileReference; lastKnownFileType = image.jpeg; path = IMG_0062.JPG; sourceTree = "<group>"; };
		D2BDBDD21FD136C90093DC08 /* IMG_0107.JPG */ = {isa = PBXFileReference; lastKnownFileType = image.jpeg; path = IMG_0107.JPG; sourceTree = "<group>"; };
		D2BDBDD31FD136C90093DC08 /* IMG_0111.JPG */ = {isa = PBXFileReference; lastKnownFileType = image.jpeg; path = IMG_0111.JPG; sourceTree = "<group>"; };
		D2BDBDD41FD136C90093DC08 /* IMG_0094.JPG */ = {isa = PBXFileReference; lastKnownFileType = image.jpeg; path = IMG_0094.JPG; sourceTree = "<group>"; };
		D2BDBDD51FD136C90093DC08 /* IMG_0096.JPG */ = {isa = PBXFileReference; lastKnownFileType = image.jpeg; path = IMG_0096.JPG; sourceTree = "<group>"; };
		D2BDBDD61FD136C90093DC08 /* IMG_0079.JPG */ = {isa = PBXFileReference; lastKnownFileType = image.jpeg; path = IMG_0079.JPG; sourceTree = "<group>"; };
		D2BDBDD71FD136C90093DC08 /* IMG_0061.JPG */ = {isa = PBXFileReference; lastKnownFileType = image.jpeg; path = IMG_0061.JPG; sourceTree = "<group>"; };
		D2BDBDD81FD136CA0093DC08 /* IMG_0058.JPG */ = {isa = PBXFileReference; lastKnownFileType = image.jpeg; path = IMG_0058.JPG; sourceTree = "<group>"; };
		D2BDBDD91FD136CA0093DC08 /* IMG_0069.JPG */ = {isa = PBXFileReference; lastKnownFileType = image.jpeg; path = IMG_0069.JPG; sourceTree = "<group>"; };
		D2BDBDDA1FD136CA0093DC08 /* IMG_0065.JPG */ = {isa = PBXFileReference; lastKnownFileType = image.jpeg; path = IMG_0065.JPG; sourceTree = "<group>"; };
		D2BDBDDB1FD136CA0093DC08 /* IMG_0102.JPG */ = {isa = PBXFileReference; lastKnownFileType = image.jpeg; path = IMG_0102.JPG; sourceTree = "<group>"; };
		D2BDBDDC1FD136CA0093DC08 /* IMG_0110.JPG */ = {isa = PBXFileReference; lastKnownFileType = image.jpeg; path = IMG_0110.JPG; sourceTree = "<group>"; };
		D2BDBDDD1FD136CA0093DC08 /* IMG_0097.JPG */ = {isa = PBXFileReference; lastKnownFileType = image.jpeg; path = IMG_0097.JPG; sourceTree = "<group>"; };
		D2BDBDDE1FD136CA0093DC08 /* IMG_0070.JPG */ = {isa = PBXFileReference; lastKnownFileType = image.jpeg; path = IMG_0070.JPG; sourceTree = "<group>"; };
		D2BDBDDF1FD136CB0093DC08 /* IMG_0088.JPG */ = {isa = PBXFileReference; lastKnownFileType = image.jpeg; path = IMG_0088.JPG; sourceTree = "<group>"; };
		D2BDBDE01FD136CB0093DC08 /* IMG_0090.JPG */ = {isa = PBXFileReference; lastKnownFileType = image.jpeg; path = IMG_0090.JPG; sourceTree = "<group>"; };
		D2BDBDE11FD136CB0093DC08 /* IMG_0071.JPG */ = {isa = PBXFileReference; lastKnownFileType = image.jpeg; path = IMG_0071.JPG; sourceTree = "<group>"; };
		D2BDBDE21FD136CB0093DC08 /* IMG_0067.JPG */ = {isa = PBXFileReference; lastKnownFileType = image.jpeg; path = IMG_0067.JPG; sourceTree = "<group>"; };
		D2BDBDE31FD136CB0093DC08 /* IMG_0082.JPG */ = {isa = PBXFileReference; lastKnownFileType = image.jpeg; path = IMG_0082.JPG; sourceTree = "<group>"; };
		D2BDBDE41FD136CB0093DC08 /* IMG_0101.JPG */ = {isa = PBXFileReference; lastKnownFileType = image.jpeg; path = IMG_0101.JPG; sourceTree = "<group>"; };
		D2BDBDE51FD136CC0093DC08 /* IMG_0099.JPG */ = {isa = PBXFileReference; lastKnownFileType = image.jpeg; path = IMG_0099.JPG; sourceTree = "<group>"; };
		D2BDBDE61FD136CC0093DC08 /* IMG_0089.JPG */ = {isa = PBXFileReference; lastKnownFileType = image.jpeg; path = IMG_0089.JPG; sourceTree = "<group>"; };
		D2BDBDE71FD136CC0093DC08 /* IMG_0086.JPG */ = {isa = PBXFileReference; lastKnownFileType = image.jpeg; path = IMG_0086.JPG; sourceTree = "<group>"; };
		D2BDBDE81FD136CC0093DC08 /* IMG_0104.JPG */ = {isa = PBXFileReference; lastKnownFileType = image.jpeg; path = IMG_0104.JPG; sourceTree = "<group>"; };
		D2BDBDE91FD136CC0093DC08 /* IMG_0055.JPG */ = {isa = PBXFileReference; lastKnownFileType = image.jpeg; path = IMG_0055.JPG; sourceTree = "<group>"; };
		D2BDBDEA1FD136CC0093DC08 /* IMG_0092.JPG */ = {isa = PBXFileReference; lastKnownFileType = image.jpeg; path = IMG_0092.JPG; sourceTree = "<group>"; };
		D2BDBDEB1FD136CD0093DC08 /* IMG_0078.JPG */ = {isa = PBXFileReference; lastKnownFileType = image.jpeg; path = IMG_0078.JPG; sourceTree = "<group>"; };
		D2BDBDEC1FD136CD0093DC08 /* IMG_0112.JPG */ = {isa = PBXFileReference; lastKnownFileType = image.jpeg; path = IMG_0112.JPG; sourceTree = "<group>"; };
		D2BDBDED1FD136CD0093DC08 /* IMG_0059.JPG */ = {isa = PBXFileReference; lastKnownFileType = image.jpeg; path = IMG_0059.JPG; sourceTree = "<group>"; };
		D2BDBDEE1FD136CD0093DC08 /* IMG_0072.JPG */ = {isa = PBXFileReference; lastKnownFileType = image.jpeg; path = IMG_0072.JPG; sourceTree = "<group>"; };
		D2BDBDEF1FD136CD0093DC08 /* IMG_0095.JPG */ = {isa = PBXFileReference; lastKnownFileType = image.jpeg; path = IMG_0095.JPG; sourceTree = "<group>"; };
		D2BDBDF01FD136CD0093DC08 /* IMG_0106.JPG */ = {isa = PBXFileReference; lastKnownFileType = image.jpeg; path = IMG_0106.JPG; sourceTree = "<group>"; };
		D2BDBDF11FD136CD0093DC08 /* IMG_0081.JPG */ = {isa = PBXFileReference; lastKnownFileType = image.jpeg; path = IMG_0081.JPG; sourceTree = "<group>"; };
		D2BDBDF21FD136CE0093DC08 /* IMG_0064.JPG */ = {isa = PBXFileReference; lastKnownFileType = image.jpeg; path = IMG_0064.JPG; sourceTree = "<group>"; };
		D2BDBDF31FD136CE0093DC08 /* IMG_0083.JPG */ = {isa = PBXFileReference; lastKnownFileType = image.jpeg; path = IMG_0083.JPG; sourceTree = "<group>"; };
		D2BDBDF41FD136CE0093DC08 /* IMG_0100.JPG */ = {isa = PBXFileReference; lastKnownFileType = image.jpeg; path = IMG_0100.JPG; sourceTree = "<group>"; };
		D2BDBDF51FD136CE0093DC08 /* IMG_0103.JPG */ = {isa = PBXFileReference; lastKnownFileType = image.jpeg; path = IMG_0103.JPG; sourceTree = "<group>"; };
		D2BDBDF61FD136CE0093DC08 /* IMG_0109.JPG */ = {isa = PBXFileReference; lastKnownFileType = image.jpeg; path = IMG_0109.JPG; sourceTree = "<group>"; };
		D2BDBDF71FD136CE0093DC08 /* IMG_0063.JPG */ = {isa = PBXFileReference; lastKnownFileType = image.jpeg; path = IMG_0063.JPG; sourceTree = "<group>"; };
		D2BDBDF81FD136CE0093DC08 /* IMG_0074.JPG */ = {isa = PBXFileReference; lastKnownFileType = image.jpeg; path = IMG_0074.JPG; sourceTree = "<group>"; };
		D2BDBDF91FD136CF0093DC08 /* IMG_0054.JPG */ = {isa = PBXFileReference; lastKnownFileType = image.jpeg; path = IMG_0054.JPG; sourceTree = "<group>"; };
		D2BDBDFA1FD136CF0093DC08 /* IMG_0066.JPG */ = {isa = PBXFileReference; lastKnownFileType = image.jpeg; path = IMG_0066.JPG; sourceTree = "<group>"; };
		D2CB830A1F74F85F005FD8F1 /* TableViewController.h */ = {isa = PBXFileReference; lastKnownFileType = sourcecode.c.h; path = TableViewController.h; sourceTree = "<group>"; };
		D2CB830B1F74F85F005FD8F1 /* TableViewController.m */ = {isa = PBXFileReference; lastKnownFileType = sourcecode.c.objc; path = TableViewController.m; sourceTree = "<group>"; };
		D2F735481F9867AE00974D47 /* icon_002.gif */ = {isa = PBXFileReference; lastKnownFileType = image.gif; path = icon_002.gif; sourceTree = "<group>"; };
		F5048FEED57B5403F507EC4B /* Pods-ImageCacheDemo.release.xcconfig */ = {isa = PBXFileReference; includeInIndex = 1; lastKnownFileType = text.xcconfig; name = "Pods-ImageCacheDemo.release.xcconfig"; path = "Pods/Target Support Files/Pods-ImageCacheDemo/Pods-ImageCacheDemo.release.xcconfig"; sourceTree = "<group>"; };
/* End PBXFileReference section */

/* Begin PBXFrameworksBuildPhase section */
		D2111D081F5E887600196E11 /* Frameworks */ = {
			isa = PBXFrameworksBuildPhase;
			buildActionMask = 2147483647;
			files = (
				CCAB51A03370A6DCF159F835 /* libPods-ImageCacheDemo.a in Frameworks */,
			);
			runOnlyForDeploymentPostprocessing = 0;
		};
/* End PBXFrameworksBuildPhase section */

/* Begin PBXGroup section */
		D2111D021F5E887600196E11 = {
			isa = PBXGroup;
			children = (
				D293A04C1F8F687700B954DD /* resource */,
				D2111D0D1F5E887700196E11 /* ImageCacheDemo */,
				D2111D0C1F5E887600196E11 /* Products */,
				E3051DB0DE2F012762AF338F /* Pods */,
				EC645083F43C5FE70763ACEF /* Frameworks */,
			);
			sourceTree = "<group>";
		};
		D2111D0C1F5E887600196E11 /* Products */ = {
			isa = PBXGroup;
			children = (
				D2111D0B1F5E887600196E11 /* ImageCacheDemo.app */,
			);
			name = Products;
			sourceTree = "<group>";
		};
		D2111D0D1F5E887700196E11 /* ImageCacheDemo */ = {
			isa = PBXGroup;
			children = (
				D2111D111F5E887700196E11 /* AppDelegate.h */,
				D2111D121F5E887700196E11 /* AppDelegate.m */,
				D2CB830A1F74F85F005FD8F1 /* TableViewController.h */,
				D2CB830B1F74F85F005FD8F1 /* TableViewController.m */,
				D28F23B31FBE97AA00E77496 /* ImageViewController.h */,
				D28F23B41FBE97AA00E77496 /* ImageViewController.m */,
				D2111D171F5E887700196E11 /* Main.storyboard */,
				D2111D1A1F5E887700196E11 /* Assets.xcassets */,
				D2111D1C1F5E887700196E11 /* LaunchScreen.storyboard */,
				D2111D1F1F5E887700196E11 /* Info.plist */,
				D2111D0E1F5E887700196E11 /* Supporting Files */,
			);
			path = ImageCacheDemo;
			sourceTree = "<group>";
		};
		D2111D0E1F5E887700196E11 /* Supporting Files */ = {
			isa = PBXGroup;
			children = (
				D2111D0F1F5E887700196E11 /* main.m */,
			);
			name = "Supporting Files";
			sourceTree = "<group>";
		};
		D28F23B61FBEB4B800E77496 /* images */ = {
			isa = PBXGroup;
			children = (
				D2BDBDF91FD136CF0093DC08 /* IMG_0054.JPG */,
				D2BDBDE91FD136CC0093DC08 /* IMG_0055.JPG */,
				D2BDBDC21FD136C70093DC08 /* IMG_0056.JPG */,
				D2BDBDC51FD136C80093DC08 /* IMG_0057.JPG */,
				D2BDBDD81FD136CA0093DC08 /* IMG_0058.JPG */,
				D2BDBDED1FD136CD0093DC08 /* IMG_0059.JPG */,
				D2BDBDC81FD136C80093DC08 /* IMG_0060.JPG */,
				D2BDBDD71FD136C90093DC08 /* IMG_0061.JPG */,
				D2BDBDD11FD136C90093DC08 /* IMG_0062.JPG */,
				D2BDBDF71FD136CE0093DC08 /* IMG_0063.JPG */,
				D2BDBDF21FD136CE0093DC08 /* IMG_0064.JPG */,
				D2BDBDDA1FD136CA0093DC08 /* IMG_0065.JPG */,
				D2BDBDFA1FD136CF0093DC08 /* IMG_0066.JPG */,
				D2BDBDE21FD136CB0093DC08 /* IMG_0067.JPG */,
				D2BDBDC41FD136C70093DC08 /* IMG_0068.JPG */,
				D2BDBDD91FD136CA0093DC08 /* IMG_0069.JPG */,
				D2BDBDDE1FD136CA0093DC08 /* IMG_0070.JPG */,
				D2BDBDE11FD136CB0093DC08 /* IMG_0071.JPG */,
				D2BDBDEE1FD136CD0093DC08 /* IMG_0072.JPG */,
				D2BDBDC91FD136C80093DC08 /* IMG_0073.JPG */,
				D2BDBDF81FD136CE0093DC08 /* IMG_0074.JPG */,
				D2BDBDC61FD136C80093DC08 /* IMG_0075.JPG */,
				D2BDBDCC1FD136C80093DC08 /* IMG_0076.JPG */,
				D2BDBDBF1FD136C70093DC08 /* IMG_0077.JPG */,
				D2BDBDEB1FD136CD0093DC08 /* IMG_0078.JPG */,
				D2BDBDD61FD136C90093DC08 /* IMG_0079.JPG */,
				D2BDBDD01FD136C90093DC08 /* IMG_0080.JPG */,
				D2BDBDF11FD136CD0093DC08 /* IMG_0081.JPG */,
				D2BDBDE31FD136CB0093DC08 /* IMG_0082.JPG */,
				D2BDBDF31FD136CE0093DC08 /* IMG_0083.JPG */,
				D2BDBDC11FD136C70093DC08 /* IMG_0084.JPG */,
				D2BDBDCF1FD136C80093DC08 /* IMG_0085.JPG */,
				D2BDBDE71FD136CC0093DC08 /* IMG_0086.JPG */,
				D2BDBDC71FD136C80093DC08 /* IMG_0087.JPG */,
				D2BDBDDF1FD136CB0093DC08 /* IMG_0088.JPG */,
				D2BDBDE61FD136CC0093DC08 /* IMG_0089.JPG */,
				D2BDBDE01FD136CB0093DC08 /* IMG_0090.JPG */,
				D2BDBDC01FD136C70093DC08 /* IMG_0091.JPG */,
				D2BDBDEA1FD136CC0093DC08 /* IMG_0092.JPG */,
				D2BDBDCD1FD136C80093DC08 /* IMG_0093.JPG */,
				D2BDBDD41FD136C90093DC08 /* IMG_0094.JPG */,
				D2BDBDEF1FD136CD0093DC08 /* IMG_0095.JPG */,
				D2BDBDD51FD136C90093DC08 /* IMG_0096.JPG */,
				D2BDBDDD1FD136CA0093DC08 /* IMG_0097.JPG */,
				D2BDBDCA1FD136C80093DC08 /* IMG_0098.JPG */,
				D2BDBDE51FD136CC0093DC08 /* IMG_0099.JPG */,
				D2BDBDF41FD136CE0093DC08 /* IMG_0100.JPG */,
				D2BDBDE41FD136CB0093DC08 /* IMG_0101.JPG */,
				D2BDBDDB1FD136CA0093DC08 /* IMG_0102.JPG */,
				D2BDBDF51FD136CE0093DC08 /* IMG_0103.JPG */,
				D2BDBDE81FD136CC0093DC08 /* IMG_0104.JPG */,
				D2BDBDCB1FD136C80093DC08 /* IMG_0105.JPG */,
				D2BDBDF01FD136CD0093DC08 /* IMG_0106.JPG */,
				D2BDBDD21FD136C90093DC08 /* IMG_0107.JPG */,
				D2BDBDC31FD136C70093DC08 /* IMG_0108.JPG */,
				D2BDBDF61FD136CE0093DC08 /* IMG_0109.JPG */,
				D2BDBDDC1FD136CA0093DC08 /* IMG_0110.JPG */,
				D2BDBDD31FD136C90093DC08 /* IMG_0111.JPG */,
				D2BDBDEC1FD136CD0093DC08 /* IMG_0112.JPG */,
				D2BDBDCE1FD136C80093DC08 /* IMG_0113.JPG */,
			);
			path = images;
			sourceTree = "<group>";
		};
		D293A04C1F8F687700B954DD /* resource */ = {
			isa = PBXGroup;
			children = (
				D28F23B61FBEB4B800E77496 /* images */,
				D2BAF5121F99DBD1003B4A80 /* timg.gif */,
				D2F735481F9867AE00974D47 /* icon_002.gif */,
				D293A04D1F8F687700B954DD /* imageDownloadFail.png */,
			);
			name = resource;
			path = ../resource;
			sourceTree = "<group>";
		};
		E3051DB0DE2F012762AF338F /* Pods */ = {
			isa = PBXGroup;
			children = (
				839845AE4C020D228E669CF7 /* Pods-ImageCacheDemo.debug.xcconfig */,
				F5048FEED57B5403F507EC4B /* Pods-ImageCacheDemo.release.xcconfig */,
			);
			name = Pods;
			sourceTree = "<group>";
		};
		EC645083F43C5FE70763ACEF /* Frameworks */ = {
			isa = PBXGroup;
			children = (
				4D1C42232A2D415ABE6D2263 /* libPods-ImageCacheDemo.a */,
			);
			name = Frameworks;
			sourceTree = "<group>";
		};
/* End PBXGroup section */

/* Begin PBXNativeTarget section */
		D2111D0A1F5E887600196E11 /* ImageCacheDemo */ = {
			isa = PBXNativeTarget;
			buildConfigurationList = D2111D221F5E887700196E11 /* Build configuration list for PBXNativeTarget "ImageCacheDemo" */;
			buildPhases = (
				630A16BB500262C8C8D1A797 /* [CP] Check Pods Manifest.lock */,
				D2111D071F5E887600196E11 /* Sources */,
				D2111D081F5E887600196E11 /* Frameworks */,
				D2111D091F5E887600196E11 /* Resources */,
				617B9ED9F9E3C9CD0C930AE4 /* [CP] Embed Pods Frameworks */,
				DC019FE0A8B889B357D05ECA /* [CP] Copy Pods Resources */,
			);
			buildRules = (
			);
			dependencies = (
			);
			name = ImageCacheDemo;
			productName = ImageCacheDemo;
			productReference = D2111D0B1F5E887600196E11 /* ImageCacheDemo.app */;
			productType = "com.apple.product-type.application";
		};
/* End PBXNativeTarget section */

/* Begin PBXProject section */
		D2111D031F5E887600196E11 /* Project object */ = {
			isa = PBXProject;
			attributes = {
				LastUpgradeCheck = 0830;
				ORGANIZATIONNAME = zilong.li;
				TargetAttributes = {
					D2111D0A1F5E887600196E11 = {
						CreatedOnToolsVersion = 8.3.2;
						DevelopmentTeam = Z68953XB9D;
						ProvisioningStyle = Automatic;
					};
				};
			};
			buildConfigurationList = D2111D061F5E887600196E11 /* Build configuration list for PBXProject "ImageCacheDemo" */;
			compatibilityVersion = "Xcode 3.2";
			developmentRegion = English;
			hasScannedForEncodings = 0;
			knownRegions = (
				en,
				Base,
			);
			mainGroup = D2111D021F5E887600196E11;
			productRefGroup = D2111D0C1F5E887600196E11 /* Products */;
			projectDirPath = "";
			projectRoot = "";
			targets = (
				D2111D0A1F5E887600196E11 /* ImageCacheDemo */,
			);
		};
/* End PBXProject section */

/* Begin PBXResourcesBuildPhase section */
		D2111D091F5E887600196E11 /* Resources */ = {
			isa = PBXResourcesBuildPhase;
			buildActionMask = 2147483647;
			files = (
				D2BDBE2A1FD136CF0093DC08 /* IMG_0072.JPG in Resources */,
				D2BDBE0F1FD136CF0093DC08 /* IMG_0111.JPG in Resources */,
				D2BDBE231FD136CF0093DC08 /* IMG_0086.JPG in Resources */,
				D2BDBE061FD136CF0093DC08 /* IMG_0098.JPG in Resources */,
				D2BDBE1D1FD136CF0093DC08 /* IMG_0071.JPG in Resources */,
				D2BDBE2F1FD136CF0093DC08 /* IMG_0083.JPG in Resources */,
				D2BDBDFD1FD136CF0093DC08 /* IMG_0084.JPG in Resources */,
				D2BDBE2C1FD136CF0093DC08 /* IMG_0106.JPG in Resources */,
				D2BDBE311FD136CF0093DC08 /* IMG_0103.JPG in Resources */,
				D2BDBE121FD136CF0093DC08 /* IMG_0079.JPG in Resources */,
				D2BDBE141FD136CF0093DC08 /* IMG_0058.JPG in Resources */,
				D2BDBE2D1FD136CF0093DC08 /* IMG_0081.JPG in Resources */,
				D293A04E1F8F687800B954DD /* imageDownloadFail.png in Resources */,
				D2BDBE151FD136CF0093DC08 /* IMG_0069.JPG in Resources */,
				D2BDBE271FD136CF0093DC08 /* IMG_0078.JPG in Resources */,
				D2BDBE101FD136CF0093DC08 /* IMG_0094.JPG in Resources */,
				D2BDBE201FD136CF0093DC08 /* IMG_0101.JPG in Resources */,
				D2BDBE1C1FD136CF0093DC08 /* IMG_0090.JPG in Resources */,
				D2BDBE241FD136CF0093DC08 /* IMG_0104.JPG in Resources */,
				D2BDBE171FD136CF0093DC08 /* IMG_0102.JPG in Resources */,
				D2BDBE281FD136CF0093DC08 /* IMG_0112.JPG in Resources */,
				D2BDBE361FD136CF0093DC08 /* IMG_0066.JPG in Resources */,
				D2BDBE181FD136CF0093DC08 /* IMG_0110.JPG in Resources */,
				D2BDBDFC1FD136CF0093DC08 /* IMG_0091.JPG in Resources */,
				D2BDBE031FD136CF0093DC08 /* IMG_0087.JPG in Resources */,
				D2BAF5131F99DBD1003B4A80 /* timg.gif in Resources */,
				D2BDBE221FD136CF0093DC08 /* IMG_0089.JPG in Resources */,
				D2111D1E1F5E887700196E11 /* LaunchScreen.storyboard in Resources */,
				D2BDBE321FD136CF0093DC08 /* IMG_0109.JPG in Resources */,
				D2BDBE021FD136CF0093DC08 /* IMG_0075.JPG in Resources */,
				D2BDBE211FD136CF0093DC08 /* IMG_0099.JPG in Resources */,
				D2BDBE2E1FD136CF0093DC08 /* IMG_0064.JPG in Resources */,
				D2BDBE081FD136CF0093DC08 /* IMG_0076.JPG in Resources */,
				D2BDBE0B1FD136CF0093DC08 /* IMG_0085.JPG in Resources */,
				D2F735491F9867AE00974D47 /* icon_002.gif in Resources */,
				D2BDBE341FD136CF0093DC08 /* IMG_0074.JPG in Resources */,
				D2BDBE071FD136CF0093DC08 /* IMG_0105.JPG in Resources */,
				D2BDBDFB1FD136CF0093DC08 /* IMG_0077.JPG in Resources */,
				D2BDBE0D1FD136CF0093DC08 /* IMG_0062.JPG in Resources */,
				D2BDBE131FD136CF0093DC08 /* IMG_0061.JPG in Resources */,
				D2BDBE1E1FD136CF0093DC08 /* IMG_0067.JPG in Resources */,
				D2BDBE0A1FD136CF0093DC08 /* IMG_0113.JPG in Resources */,
				D2BDBE291FD136CF0093DC08 /* IMG_0059.JPG in Resources */,
				D2BDBE051FD136CF0093DC08 /* IMG_0073.JPG in Resources */,
				D2BDBE0C1FD136CF0093DC08 /* IMG_0080.JPG in Resources */,
				D2BDBDFF1FD136CF0093DC08 /* IMG_0108.JPG in Resources */,
				D2111D1B1F5E887700196E11 /* Assets.xcassets in Resources */,
				D2BDBE091FD136CF0093DC08 /* IMG_0093.JPG in Resources */,
				D2BDBE1F1FD136CF0093DC08 /* IMG_0082.JPG in Resources */,
				D2BDBE351FD136CF0093DC08 /* IMG_0054.JPG in Resources */,
				D2BDBE1A1FD136CF0093DC08 /* IMG_0070.JPG in Resources */,
				D2BDBE161FD136CF0093DC08 /* IMG_0065.JPG in Resources */,
				D2BDBE2B1FD136CF0093DC08 /* IMG_0095.JPG in Resources */,
				D2BDBE301FD136CF0093DC08 /* IMG_0100.JPG in Resources */,
				D2BDBE1B1FD136CF0093DC08 /* IMG_0088.JPG in Resources */,
				D2BDBE001FD136CF0093DC08 /* IMG_0068.JPG in Resources */,
				D2BDBDFE1FD136CF0093DC08 /* IMG_0056.JPG in Resources */,
				D2BDBE331FD136CF0093DC08 /* IMG_0063.JPG in Resources */,
				D2BDBE041FD136CF0093DC08 /* IMG_0060.JPG in Resources */,
				D2BDBE191FD136CF0093DC08 /* IMG_0097.JPG in Resources */,
				D2BDBE111FD136CF0093DC08 /* IMG_0096.JPG in Resources */,
				D2BDBE251FD136CF0093DC08 /* IMG_0055.JPG in Resources */,
				D2BDBE0E1FD136CF0093DC08 /* IMG_0107.JPG in Resources */,
				D2111D191F5E887700196E11 /* Main.storyboard in Resources */,
				D2BDBE261FD136CF0093DC08 /* IMG_0092.JPG in Resources */,
				D2BDBE011FD136CF0093DC08 /* IMG_0057.JPG in Resources */,
			);
			runOnlyForDeploymentPostprocessing = 0;
		};
/* End PBXResourcesBuildPhase section */

/* Begin PBXShellScriptBuildPhase section */
		617B9ED9F9E3C9CD0C930AE4 /* [CP] Embed Pods Frameworks */ = {
			isa = PBXShellScriptBuildPhase;
			buildActionMask = 2147483647;
			files = (
			);
			inputPaths = (
			);
			name = "[CP] Embed Pods Frameworks";
			outputPaths = (
			);
			runOnlyForDeploymentPostprocessing = 0;
			shellPath = /bin/sh;
			shellScript = "\"${SRCROOT}/Pods/Target Support Files/Pods-ImageCacheDemo/Pods-ImageCacheDemo-frameworks.sh\"\n";
			showEnvVarsInLog = 0;
		};
		630A16BB500262C8C8D1A797 /* [CP] Check Pods Manifest.lock */ = {
			isa = PBXShellScriptBuildPhase;
			buildActionMask = 2147483647;
			files = (
			);
			inputPaths = (
			);
			name = "[CP] Check Pods Manifest.lock";
			outputPaths = (
			);
			runOnlyForDeploymentPostprocessing = 0;
			shellPath = /bin/sh;
			shellScript = "diff \"${PODS_ROOT}/../Podfile.lock\" \"${PODS_ROOT}/Manifest.lock\" > /dev/null\nif [ $? != 0 ] ; then\n    # print error to STDERR\n    echo \"error: The sandbox is not in sync with the Podfile.lock. Run 'pod install' or update your CocoaPods installation.\" >&2\n    exit 1\nfi\n";
			showEnvVarsInLog = 0;
		};
		DC019FE0A8B889B357D05ECA /* [CP] Copy Pods Resources */ = {
			isa = PBXShellScriptBuildPhase;
			buildActionMask = 2147483647;
			files = (
			);
			inputPaths = (
			);
			name = "[CP] Copy Pods Resources";
			outputPaths = (
			);
			runOnlyForDeploymentPostprocessing = 0;
			shellPath = /bin/sh;
			shellScript = "\"${SRCROOT}/Pods/Target Support Files/Pods-ImageCacheDemo/Pods-ImageCacheDemo-resources.sh\"\n";
			showEnvVarsInLog = 0;
		};
/* End PBXShellScriptBuildPhase section */

/* Begin PBXSourcesBuildPhase section */
		D2111D071F5E887600196E11 /* Sources */ = {
			isa = PBXSourcesBuildPhase;
			buildActionMask = 2147483647;
			files = (
				D2CB830C1F74F85F005FD8F1 /* TableViewController.m in Sources */,
				D2111D131F5E887700196E11 /* AppDelegate.m in Sources */,
				D28F23B51FBE97AA00E77496 /* ImageViewController.m in Sources */,
				D2111D101F5E887700196E11 /* main.m in Sources */,
			);
			runOnlyForDeploymentPostprocessing = 0;
		};
/* End PBXSourcesBuildPhase section */

/* Begin PBXVariantGroup section */
		D2111D171F5E887700196E11 /* Main.storyboard */ = {
			isa = PBXVariantGroup;
			children = (
				D2111D181F5E887700196E11 /* Base */,
			);
			name = Main.storyboard;
			sourceTree = "<group>";
		};
		D2111D1C1F5E887700196E11 /* LaunchScreen.storyboard */ = {
			isa = PBXVariantGroup;
			children = (
				D2111D1D1F5E887700196E11 /* Base */,
			);
			name = LaunchScreen.storyboard;
			sourceTree = "<group>";
		};
/* End PBXVariantGroup section */

/* Begin XCBuildConfiguration section */
		D2111D201F5E887700196E11 /* Debug */ = {
			isa = XCBuildConfiguration;
			buildSettings = {
				ALWAYS_SEARCH_USER_PATHS = NO;
				CLANG_ANALYZER_NONNULL = YES;
				CLANG_ANALYZER_NUMBER_OBJECT_CONVERSION = YES_AGGRESSIVE;
				CLANG_CXX_LANGUAGE_STANDARD = "gnu++0x";
				CLANG_CXX_LIBRARY = "libc++";
				CLANG_ENABLE_MODULES = YES;
				CLANG_ENABLE_OBJC_ARC = YES;
				CLANG_WARN_BOOL_CONVERSION = YES;
				CLANG_WARN_CONSTANT_CONVERSION = YES;
				CLANG_WARN_DIRECT_OBJC_ISA_USAGE = YES_ERROR;
				CLANG_WARN_DOCUMENTATION_COMMENTS = YES;
				CLANG_WARN_EMPTY_BODY = YES;
				CLANG_WARN_ENUM_CONVERSION = YES;
				CLANG_WARN_INFINITE_RECURSION = YES;
				CLANG_WARN_INT_CONVERSION = YES;
				CLANG_WARN_OBJC_ROOT_CLASS = YES_ERROR;
				CLANG_WARN_SUSPICIOUS_MOVE = YES;
				CLANG_WARN_UNREACHABLE_CODE = YES;
				CLANG_WARN__DUPLICATE_METHOD_MATCH = YES;
				"CODE_SIGN_IDENTITY[sdk=iphoneos*]" = "iPhone Developer";
				COPY_PHASE_STRIP = NO;
				DEBUG_INFORMATION_FORMAT = dwarf;
				ENABLE_STRICT_OBJC_MSGSEND = YES;
				ENABLE_TESTABILITY = YES;
				GCC_C_LANGUAGE_STANDARD = gnu99;
				GCC_DYNAMIC_NO_PIC = NO;
				GCC_NO_COMMON_BLOCKS = YES;
				GCC_OPTIMIZATION_LEVEL = 0;
				GCC_PREPROCESSOR_DEFINITIONS = (
					"DEBUG=1",
					"$(inherited)",
				);
				GCC_WARN_64_TO_32_BIT_CONVERSION = YES;
				GCC_WARN_ABOUT_RETURN_TYPE = YES_ERROR;
				GCC_WARN_UNDECLARED_SELECTOR = YES;
				GCC_WARN_UNINITIALIZED_AUTOS = YES_AGGRESSIVE;
				GCC_WARN_UNUSED_FUNCTION = YES;
				GCC_WARN_UNUSED_VARIABLE = YES;
				IPHONEOS_DEPLOYMENT_TARGET = 10.3;
				MTL_ENABLE_DEBUG_INFO = YES;
				ONLY_ACTIVE_ARCH = YES;
				SDKROOT = iphoneos;
			};
			name = Debug;
		};
		D2111D211F5E887700196E11 /* Release */ = {
			isa = XCBuildConfiguration;
			buildSettings = {
				ALWAYS_SEARCH_USER_PATHS = NO;
				CLANG_ANALYZER_NONNULL = YES;
				CLANG_ANALYZER_NUMBER_OBJECT_CONVERSION = YES_AGGRESSIVE;
				CLANG_CXX_LANGUAGE_STANDARD = "gnu++0x";
				CLANG_CXX_LIBRARY = "libc++";
				CLANG_ENABLE_MODULES = YES;
				CLANG_ENABLE_OBJC_ARC = YES;
				CLANG_WARN_BOOL_CONVERSION = YES;
				CLANG_WARN_CONSTANT_CONVERSION = YES;
				CLANG_WARN_DIRECT_OBJC_ISA_USAGE = YES_ERROR;
				CLANG_WARN_DOCUMENTATION_COMMENTS = YES;
				CLANG_WARN_EMPTY_BODY = YES;
				CLANG_WARN_ENUM_CONVERSION = YES;
				CLANG_WARN_INFINITE_RECURSION = YES;
				CLANG_WARN_INT_CONVERSION = YES;
				CLANG_WARN_OBJC_ROOT_CLASS = YES_ERROR;
				CLANG_WARN_SUSPICIOUS_MOVE = YES;
				CLANG_WARN_UNREACHABLE_CODE = YES;
				CLANG_WARN__DUPLICATE_METHOD_MATCH = YES;
				"CODE_SIGN_IDENTITY[sdk=iphoneos*]" = "iPhone Developer";
				COPY_PHASE_STRIP = NO;
				DEBUG_INFORMATION_FORMAT = "dwarf-with-dsym";
				ENABLE_NS_ASSERTIONS = NO;
				ENABLE_STRICT_OBJC_MSGSEND = YES;
				GCC_C_LANGUAGE_STANDARD = gnu99;
				GCC_NO_COMMON_BLOCKS = YES;
				GCC_WARN_64_TO_32_BIT_CONVERSION = YES;
				GCC_WARN_ABOUT_RETURN_TYPE = YES_ERROR;
				GCC_WARN_UNDECLARED_SELECTOR = YES;
				GCC_WARN_UNINITIALIZED_AUTOS = YES_AGGRESSIVE;
				GCC_WARN_UNUSED_FUNCTION = YES;
				GCC_WARN_UNUSED_VARIABLE = YES;
				IPHONEOS_DEPLOYMENT_TARGET = 10.3;
				MTL_ENABLE_DEBUG_INFO = NO;
				SDKROOT = iphoneos;
				VALIDATE_PRODUCT = YES;
			};
			name = Release;
		};
		D2111D231F5E887700196E11 /* Debug */ = {
			isa = XCBuildConfiguration;
			baseConfigurationReference = 839845AE4C020D228E669CF7 /* Pods-ImageCacheDemo.debug.xcconfig */;
			buildSettings = {
				ASSETCATALOG_COMPILER_APPICON_NAME = AppIcon;
				DEVELOPMENT_TEAM = Z68953XB9D;
				INFOPLIST_FILE = ImageCacheDemo/Info.plist;
				IPHONEOS_DEPLOYMENT_TARGET = 8.0;
				LD_RUNPATH_SEARCH_PATHS = "$(inherited) @executable_path/Frameworks";
				LIBRARY_SEARCH_PATHS = (
					"$(inherited)",
					"\"$PODS_CONFIGURATION_BUILD_DIR/LongDispatch\"",
					"\"$PODS_CONFIGURATION_BUILD_DIR/LongRequest\"",
					"\"$(SRCROOT)/../3rdparty/webp/lib\"",
				);
				PRODUCT_BUNDLE_IDENTIFIER = com.zilong.ImageCacheDemo;
				PRODUCT_NAME = "$(TARGET_NAME)";
			};
			name = Debug;
		};
		D2111D241F5E887700196E11 /* Release */ = {
			isa = XCBuildConfiguration;
			baseConfigurationReference = F5048FEED57B5403F507EC4B /* Pods-ImageCacheDemo.release.xcconfig */;
			buildSettings = {
				ASSETCATALOG_COMPILER_APPICON_NAME = AppIcon;
				DEVELOPMENT_TEAM = Z68953XB9D;
				INFOPLIST_FILE = ImageCacheDemo/Info.plist;
				IPHONEOS_DEPLOYMENT_TARGET = 8.0;
				LD_RUNPATH_SEARCH_PATHS = "$(inherited) @executable_path/Frameworks";
				LIBRARY_SEARCH_PATHS = (
					"$(inherited)",
					"\"$PODS_CONFIGURATION_BUILD_DIR/LongDispatch\"",
					"\"$PODS_CONFIGURATION_BUILD_DIR/LongRequest\"",
					"\"$(SRCROOT)/../3rdparty/webp/lib\"",
				);
				PRODUCT_BUNDLE_IDENTIFIER = com.zilong.ImageCacheDemo;
				PRODUCT_NAME = "$(TARGET_NAME)";
			};
			name = Release;
		};
/* End XCBuildConfiguration section */

/* Begin XCConfigurationList section */
		D2111D061F5E887600196E11 /* Build configuration list for PBXProject "ImageCacheDemo" */ = {
			isa = XCConfigurationList;
			buildConfigurations = (
				D2111D201F5E887700196E11 /* Debug */,
				D2111D211F5E887700196E11 /* Release */,
			);
			defaultConfigurationIsVisible = 0;
			defaultConfigurationName = Release;
		};
		D2111D221F5E887700196E11 /* Build configuration list for PBXNativeTarget "ImageCacheDemo" */ = {
			isa = XCConfigurationList;
			buildConfigurations = (
				D2111D231F5E887700196E11 /* Debug */,
				D2111D241F5E887700196E11 /* Release */,
			);
			defaultConfigurationIsVisible = 0;
			defaultConfigurationName = Release;
		};
/* End XCConfigurationList section */
	};
	rootObject = D2111D031F5E887600196E11 /* Project object */;
}
